
Microsoft Visual Studio Solution File, Format Version 12.00
# Visual Studio 2012
Project("{FAE04EC0-301F-11D3-BF4B-00C04F79EFBC}") = "XMLEditor", "XMLEditor\XMLEditor.csproj", "{290BFB29-9C31-41A2-9202-8367ABADA30A}"
EndProject
Global
	GlobalSection(SolutionConfigurationPlatforms) = preSolution
		Debug|Any CPU = Debug|Any CPU
		Release|Any CPU = Release|Any CPU
	EndGlobalSection
	GlobalSection(ProjectConfigurationPlatforms) = postSolution
		{290BFB29-9C31-41A2-9202-8367ABADA30A}.Debug|Any CPU.ActiveCfg = Debug|Any CPU
		{290BFB29-9C31-41A2-9202-8367ABADA30A}.Debug|Any CPU.Build.0 = Debug|Any CPU
		{290BFB29-9C31-41A2-9202-8367ABADA30A}.Release|Any CPU.ActiveCfg = Release|Any CPU
		{290BFB29-9C31-41A2-9202-8367ABADA30A}.Release|Any CPU.Build.0 = Release|Any CPU
	EndGlobalSection
	GlobalSection(SolutionProperties) = preSolution
		HideSolutionNode = FALSE
	EndGlobalSection
EndGlobal
